
Microsoft Visual Studio Solution File, Format Version 12.00
# Visual Studio Version 16
VisualStudioVersion = 16.0.30011.22
MinimumVisualStudioVersion = 10.0.40219.1
Project("{9A19103F-16F7-4668-BE54-9A1E7A4F7556}") = "GSMA.API", "GSMA.API\GSMA.API.csproj", "{F0A5F833-D974-49EE-B60C-9740F5A7FB5C}"
EndProject
Project("{9A19103F-16F7-4668-BE54-9A1E7A4F7556}") = "GSMA.Core", "GSMA.Core\GSMA.Core.csproj", "{EB62B5C9-DDE6-49C5-9746-50D05177D2A9}"
EndProject
Project("{9A19103F-16F7-4668-BE54-9A1E7A4F7556}") = "GSMA.Repository", "GSMA.Repository\GSMA.Repository.csproj", "{38AA8CE9-3997-4B50-B3B6-13BA2E8CF76B}"
EndProject
Project("{9A19103F-16F7-4668-BE54-9A1E7A4F7556}") = "GSMA.DataProvider", "GSMA.DataProvider\GSMA.DataProvider.csproj", "{4C4C46EF-CBE2-42EB-A4DF-39659010F303}"
EndProject
Project("{9A19103F-16F7-4668-BE54-9A1E7A4F7556}") = "GSMA.Models", "GSMA.Models\GSMA.Models.csproj", "{2C52820D-904B-4069-9025-F155CD4CB9F3}"
EndProject
Project("{9A19103F-16F7-4668-BE54-9A1E7A4F7556}") = "GSMA.Logger", "GSMA.Logger\GSMA.Logger.csproj", "{597249FF-FD58-42AD-97C1-367F17D7BE3D}"
EndProject
Project("{9A19103F-16F7-4668-BE54-9A1E7A4F7556}") = "GSMA.Infrastructure", "GSMA.Infrastructure\GSMA.Infrastructure.csproj", "{33F0B1E3-FDBB-41DA-951F-D6EC727BC458}"
EndProject
Project("{2150E333-8FDC-42A3-9474-1A3956D46DE8}") = "1. API", "1. API", "{0116586B-5D39-49A2-A412-A305835B8B36}"
EndProject
Project("{2150E333-8FDC-42A3-9474-1A3956D46DE8}") = "2. Core", "2. Core", "{475C3F49-9523-4EE1-B03F-8A604CD17061}"
EndProject
Project("{2150E333-8FDC-42A3-9474-1A3956D46DE8}") = "3. Repository", "3. Repository", "{0D41CBFC-9B72-4B82-BFBE-EEFFC32DBFA4}"
EndProject
Project("{2150E333-8FDC-42A3-9474-1A3956D46DE8}") = "4. Data", "4. Data", "{D1BD141E-C15D-4432-9FA8-1ACCDCCD5FFD}"
EndProject
Project("{2150E333-8FDC-42A3-9474-1A3956D46DE8}") = "5. Infrastructure", "5. Infrastructure", "{48370148-13A8-443A-B81D-A82F9F47ECCC}"
EndProject
Project("{2150E333-8FDC-42A3-9474-1A3956D46DE8}") = "6. Logger", "6. Logger", "{1840B763-6C68-48C2-A1E5-2BEBFA5F5AA0}"
EndProject
Project("{2150E333-8FDC-42A3-9474-1A3956D46DE8}") = "7. Models", "7. Models", "{83BA182C-E27E-404C-9DB5-11AEB26172C6}"
EndProject
Project("{2150E333-8FDC-42A3-9474-1A3956D46DE8}") = "8. Mapper", "8. Mapper", "{690A3EB2-6413-4C1A-95C9-03A722EB95DC}"
EndProject
Project("{9A19103F-16F7-4668-BE54-9A1E7A4F7556}") = "GSMA.Mapper", "GSMA.Mapper\GSMA.Mapper.csproj", "{F5A22C5E-4346-4695-A52A-3F2269F2D817}"
EndProject
Project("{2150E333-8FDC-42A3-9474-1A3956D46DE8}") = "9. DBScripts", "9. DBScripts", "{B26D3C5D-219B-4EEC-9342-3A9D4801CE4A}"
EndProject
Global
	GlobalSection(SolutionConfigurationPlatforms) = preSolution
		Debug|Any CPU = Debug|Any CPU
		Release|Any CPU = Release|Any CPU
	EndGlobalSection
	GlobalSection(ProjectConfigurationPlatforms) = postSolution
		{F0A5F833-D974-49EE-B60C-9740F5A7FB5C}.Debug|Any CPU.ActiveCfg = Debug|Any CPU
		{F0A5F833-D974-49EE-B60C-9740F5A7FB5C}.Debug|Any CPU.Build.0 = Debug|Any CPU
		{F0A5F833-D974-49EE-B60C-9740F5A7FB5C}.Release|Any CPU.ActiveCfg = Release|Any CPU
		{F0A5F833-D974-49EE-B60C-9740F5A7FB5C}.Release|Any CPU.Build.0 = Release|Any CPU
		{EB62B5C9-DDE6-49C5-9746-50D05177D2A9}.Debug|Any CPU.ActiveCfg = Debug|Any CPU
		{EB62B5C9-DDE6-49C5-9746-50D05177D2A9}.Debug|Any CPU.Build.0 = Debug|Any CPU
		{EB62B5C9-DDE6-49C5-9746-50D05177D2A9}.Release|Any CPU.ActiveCfg = Release|Any CPU
		{EB62B5C9-DDE6-49C5-9746-50D05177D2A9}.Release|Any CPU.Build.0 = Release|Any CPU
		{38AA8CE9-3997-4B50-B3B6-13BA2E8CF76B}.Debug|Any CPU.ActiveCfg = Debug|Any CPU
		{38AA8CE9-3997-4B50-B3B6-13BA2E8CF76B}.Debug|Any CPU.Build.0 = Debug|Any CPU
		{38AA8CE9-3997-4B50-B3B6-13BA2E8CF76B}.Release|Any CPU.ActiveCfg = Release|Any CPU
		{38AA8CE9-3997-4B50-B3B6-13BA2E8CF76B}.Release|Any CPU.Build.0 = Release|Any CPU
		{4C4C46EF-CBE2-42EB-A4DF-39659010F303}.Debug|Any CPU.ActiveCfg = Debug|Any CPU
		{4C4C46EF-CBE2-42EB-A4DF-39659010F303}.Debug|Any CPU.Build.0 = Debug|Any CPU
		{4C4C46EF-CBE2-42EB-A4DF-39659010F303}.Release|Any CPU.ActiveCfg = Release|Any CPU
		{4C4C46EF-CBE2-42EB-A4DF-39659010F303}.Release|Any CPU.Build.0 = Release|Any CPU
		{2C52820D-904B-4069-9025-F155CD4CB9F3}.Debug|Any CPU.ActiveCfg = Debug|Any CPU
		{2C52820D-904B-4069-9025-F155CD4CB9F3}.Debug|Any CPU.Build.0 = Debug|Any CPU
		{2C52820D-904B-4069-9025-F155CD4CB9F3}.Release|Any CPU.ActiveCfg = Release|Any CPU
		{2C52820D-904B-4069-9025-F155CD4CB9F3}.Release|Any CPU.Build.0 = Release|Any CPU
		{597249FF-FD58-42AD-97C1-367F17D7BE3D}.Debug|Any CPU.ActiveCfg = Debug|Any CPU
		{597249FF-FD58-42AD-97C1-367F17D7BE3D}.Debug|Any CPU.Build.0 = Debug|Any CPU
		{597249FF-FD58-42AD-97C1-367F17D7BE3D}.Release|Any CPU.ActiveCfg = Release|Any CPU
		{597249FF-FD58-42AD-97C1-367F17D7BE3D}.Release|Any CPU.Build.0 = Release|Any CPU
		{33F0B1E3-FDBB-41DA-951F-D6EC727BC458}.Debug|Any CPU.ActiveCfg = Debug|Any CPU
		{33F0B1E3-FDBB-41DA-951F-D6EC727BC458}.Debug|Any CPU.Build.0 = Debug|Any CPU
		{33F0B1E3-FDBB-41DA-951F-D6EC727BC458}.Release|Any CPU.ActiveCfg = Release|Any CPU
		{33F0B1E3-FDBB-41DA-951F-D6EC727BC458}.Release|Any CPU.Build.0 = Release|Any CPU
		{F5A22C5E-4346-4695-A52A-3F2269F2D817}.Debug|Any CPU.ActiveCfg = Debug|Any CPU
		{F5A22C5E-4346-4695-A52A-3F2269F2D817}.Debug|Any CPU.Build.0 = Debug|Any CPU
		{F5A22C5E-4346-4695-A52A-3F2269F2D817}.Release|Any CPU.ActiveCfg = Release|Any CPU
		{F5A22C5E-4346-4695-A52A-3F2269F2D817}.Release|Any CPU.Build.0 = Release|Any CPU
	EndGlobalSection
	GlobalSection(SolutionProperties) = preSolution
		HideSolutionNode = FALSE
	EndGlobalSection
	GlobalSection(NestedProjects) = preSolution
		{F0A5F833-D974-49EE-B60C-9740F5A7FB5C} = {0116586B-5D39-49A2-A412-A305835B8B36}
		{EB62B5C9-DDE6-49C5-9746-50D05177D2A9} = {475C3F49-9523-4EE1-B03F-8A604CD17061}
		{38AA8CE9-3997-4B50-B3B6-13BA2E8CF76B} = {0D41CBFC-9B72-4B82-BFBE-EEFFC32DBFA4}
		{4C4C46EF-CBE2-42EB-A4DF-39659010F303} = {D1BD141E-C15D-4432-9FA8-1ACCDCCD5FFD}
		{2C52820D-904B-4069-9025-F155CD4CB9F3} = {83BA182C-E27E-404C-9DB5-11AEB26172C6}
		{597249FF-FD58-42AD-97C1-367F17D7BE3D} = {1840B763-6C68-48C2-A1E5-2BEBFA5F5AA0}
		{33F0B1E3-FDBB-41DA-951F-D6EC727BC458} = {48370148-13A8-443A-B81D-A82F9F47ECCC}
		{F5A22C5E-4346-4695-A52A-3F2269F2D817} = {690A3EB2-6413-4C1A-95C9-03A722EB95DC}
	EndGlobalSection
	GlobalSection(ExtensibilityGlobals) = postSolution
		SolutionGuid = {CA055681-A58B-42C8-A5A6-7CA75B5C398E}
	EndGlobalSection
EndGlobal
